
Microsoft Visual Studio Solution File, Format Version 11.00
# Visual Studio 2010
Project("{FAE04EC0-301F-11D3-BF4B-00C04F79EFBC}") = "URLExpander", "URLExpander\URLExpander.csproj", "{AF97F098-9645-4E1D-AAED-15A018AAE08C}"
EndProject
Global
	GlobalSection(SolutionConfigurationPlatforms) = preSolution
		Debug|Any CPU = Debug|Any CPU
		Release|Any CPU = Release|Any CPU
	EndGlobalSection
	GlobalSection(ProjectConfigurationPlatforms) = postSolution
		{AF97F098-9645-4E1D-AAED-15A018AAE08C}.Debug|Any CPU.ActiveCfg = Debug|Any CPU
		{AF97F098-9645-4E1D-AAED-15A018AAE08C}.Debug|Any CPU.Build.0 = Debug|Any CPU
		{AF97F098-9645-4E1D-AAED-15A018AAE08C}.Release|Any CPU.ActiveCfg = Release|Any CPU
		{AF97F098-9645-4E1D-AAED-15A018AAE08C}.Release|Any CPU.Build.0 = Release|Any CPU
	EndGlobalSection
	GlobalSection(SolutionProperties) = preSolution
		HideSolutionNode = FALSE
	EndGlobalSection
EndGlobal
